
Microsoft Visual Studio Solution File, Format Version 12.00
# Visual Studio Version 16
VisualStudioVersion = 16.0.30907.101
MinimumVisualStudioVersion = 10.0.40219.1
Project("{FAE04EC0-301F-11D3-BF4B-00C04F79EFBC}") = "gg", "gg\gg.csproj", "{ECFDB658-FBE9-4DA4-BD67-329EE3F49F8A}"
EndProject
Global
	GlobalSection(SolutionConfigurationPlatforms) = preSolution
		Debug|Any CPU = Debug|Any CPU
		Release|Any CPU = Release|Any CPU
	EndGlobalSection
	GlobalSection(ProjectConfigurationPlatforms) = postSolution
		{ECFDB658-FBE9-4DA4-BD67-329EE3F49F8A}.Debug|Any CPU.ActiveCfg = Debug|Any CPU
		{ECFDB658-FBE9-4DA4-BD67-329EE3F49F8A}.Debug|Any CPU.Build.0 = Debug|Any CPU
		{ECFDB658-FBE9-4DA4-BD67-329EE3F49F8A}.Release|Any CPU.ActiveCfg = Release|Any CPU
		{ECFDB658-FBE9-4DA4-BD67-329EE3F49F8A}.Release|Any CPU.Build.0 = Release|Any CPU
	EndGlobalSection
	GlobalSection(SolutionProperties) = preSolution
		HideSolutionNode = FALSE
	EndGlobalSection
	GlobalSection(ExtensibilityGlobals) = postSolution
		SolutionGuid = {EB763B43-7621-4209-AB24-27AEB4842DF7}
	EndGlobalSection
EndGlobal
